{
  "requires": true,
  "lockfileVersion": 1,
  "dependencies": {
    "@types/jest": {
      "version": "23.3.11",
      "resolved": "https://registry.npmjs.org/@types/jest/-/jest-23.3.11.tgz",
      "integrity": "sha512-eroF85PoG87XjCwzxey7yBsQNkIY/TV5myKKSG/022A0FW25afdu/uub6JDMS5eT68zBBt82S+w/MFOTjeLM3Q=="
    }
  }
}
